
Microsoft Visual Studio Solution File, Format Version 12.00
# Visual Studio Version 16
VisualStudioVersion = 16.0.29503.13
MinimumVisualStudioVersion = 10.0.40219.1
Project("{FAE04EC0-301F-11D3-BF4B-00C04F79EFBC}") = "kalkulator", "kalkulator.csproj", "{F58135B4-ED00-4F38-BF7A-F938D710654C}"
EndProject
Global
	GlobalSection(SolutionConfigurationPlatforms) = preSolution
		Debug|Any CPU = Debug|Any CPU
		Release|Any CPU = Release|Any CPU
	EndGlobalSection
	GlobalSection(ProjectConfigurationPlatforms) = postSolution
		{F58135B4-ED00-4F38-BF7A-F938D710654C}.Debug|Any CPU.ActiveCfg = Debug|Any CPU
		{F58135B4-ED00-4F38-BF7A-F938D710654C}.Debug|Any CPU.Build.0 = Debug|Any CPU
		{F58135B4-ED00-4F38-BF7A-F938D710654C}.Release|Any CPU.ActiveCfg = Release|Any CPU
		{F58135B4-ED00-4F38-BF7A-F938D710654C}.Release|Any CPU.Build.0 = Release|Any CPU
	EndGlobalSection
	GlobalSection(SolutionProperties) = preSolution
		HideSolutionNode = FALSE
	EndGlobalSection
	GlobalSection(ExtensibilityGlobals) = postSolution
		SolutionGuid = {DA67843B-BBD1-4E66-B080-EAD5F9CBD8AD}
	EndGlobalSection
EndGlobal
